// !$*UTF8*$!
{
	archiveVersion = 1;
	classes = {
	};
	objectVersion = 46;
	objects = {

/* Begin PBXBuildFile section */
		DD477B8A1A2CDC520033D2D3 /* AppDelegate.swift in Sources */ = {isa = PBXBuildFile; fileRef = DD477B891A2CDC520033D2D3 /* AppDelegate.swift */; };
		DD477B8C1A2CDC520033D2D3 /* ViewController.swift in Sources */ = {isa = PBXBuildFile; fileRef = DD477B8B1A2CDC520033D2D3 /* ViewController.swift */; };
		DD477B8F1A2CDC520033D2D3 /* Main.storyboard in Resources */ = {isa = PBXBuildFile; fileRef = DD477B8D1A2CDC520033D2D3 /* Main.storyboard */; };
		DD477B911A2CDC520033D2D3 /* Images.xcassets in Resources */ = {isa = PBXBuildFile; fileRef = DD477B901A2CDC520033D2D3 /* Images.xcassets */; };
		DD477B941A2CDC520033D2D3 /* LaunchScreen.xib in Resources */ = {isa = PBXBuildFile; fileRef = DD477B921A2CDC520033D2D3 /* LaunchScreen.xib */; };
		DD477BA01A2CDC520033D2D3 /* PointTestTests.swift in Sources */ = {isa = PBXBuildFile; fileRef = DD477B9F1A2CDC520033D2D3 /* PointTestTests.swift */; };
/* End PBXBuildFile section */

/* Begin PBXContainerItemProxy section */
		DD477B9A1A2CDC520033D2D3 /* PBXContainerItemProxy */ = {
			isa = PBXContainerItemProxy;
			containerPortal = DD477B7C1A2CDC520033D2D3 /* Project object */;
			proxyType = 1;
			remoteGlobalIDString = DD477B831A2CDC520033D2D3;
			remoteInfo = PointTest;
		};
/* End PBXContainerItemProxy section */

/* Begin PBXFileReference section */
		DD477B841A2CDC520033D2D3 /* PointTest.app */ = {isa = PBXFileReference; explicitFileType = wrapper.application; includeInIndex = 0; path = PointTest.app; sourceTree = BUILT_PRODUCTS_DIR; };
		DD477B881A2CDC520033D2D3 /* Info.plist */ = {isa = PBXFileReference; lastKnownFileType = text.plist.xml; path = Info.plist; sourceTree = "<group>"; };
		DD477B891A2CDC520033D2D3 /* AppDelegate.swift */ = {isa = PBXFileReference; lastKnownFileType = sourcecode.swift; path = AppDelegate.swift; sourceTree = "<group>"; };
		DD477B8B1A2CDC520033D2D3 /* ViewController.swift */ = {isa = PBXFileReference; lastKnownFileType = sourcecode.swift; path = ViewController.swift; sourceTree = "<group>"; };
		DD477B8E1A2CDC520033D2D3 /* Base */ = {isa = PBXFileReference; lastKnownFileType = file.storyboard; name = Base; path = Base.lproj/Main.storyboard; sourceTree = "<group>"; };
		DD477B901A2CDC520033D2D3 /* Images.xcassets */ = {isa = PBXFileReference; lastKnownFileType = folder.assetcatalog; path = Images.xcassets; sourceTree = "<group>"; };
		DD477B931A2CDC520033D2D3 /* Base */ = {isa = PBXFileReference; lastKnownFileType = file.xib; name = Base; path = Base.lproj/LaunchScreen.xib; sourceTree = "<group>"; };
		DD477B991A2CDC520033D2D3 /* PointTestTests.xctest */ = {isa = PBXFileReference; explicitFileType = wrapper.cfbundle; includeInIndex = 0; path = PointTestTests.xctest; sourceTree = BUILT_PRODUCTS_DIR; };
		DD477B9E1A2CDC520033D2D3 /* Info.plist */ = {isa = PBXFileReference; lastKnownFileType = text.plist.xml; path = Info.plist; sourceTree = "<group>"; };
		DD477B9F1A2CDC520033D2D3 /* PointTestTests.swift */ = {isa = PBXFileReference; lastKnownFileType = sourcecode.swift; path = PointTestTests.swift; sourceTree = "<group>"; };
/* End PBXFileReference section */

/* Begin PBXFrameworksBuildPhase section */
		DD477B811A2CDC520033D2D3 /* Frameworks */ = {
			isa = PBXFrameworksBuildPhase;
			buildActionMask = 2147483647;
			files = (
			);
			runOnlyForDeploymentPostprocessing = 0;
		};
		DD477B961A2CDC520033D2D3 /* Frameworks */ = {
			isa = PBXFrameworksBuildPhase;
			buildActionMask = 2147483647;
			files = (
			);
			runOnlyForDeploymentPostprocessing = 0;
		};
/* End PBXFrameworksBuildPhase section */

/* Begin PBXGroup section */
		DD477B7B1A2CDC520033D2D3 = {
			isa = PBXGroup;
			children = (
				DD477B861A2CDC520033D2D3 /* PointTest */,
				DD477B9C1A2CDC520033D2D3 /* PointTestTests */,
				DD477B851A2CDC520033D2D3 /* Products */,
			);
			sourceTree = "<group>";
		};
		DD477B851A2CDC520033D2D3 /* Products */ = {
			isa = PBXGroup;
			children = (
				DD477B841A2CDC520033D2D3 /* PointTest.app */,
				DD477B991A2CDC520033D2D3 /* PointTestTests.xctest */,
			);
			name = Products;
			sourceTree = "<group>";
		};
		DD477B861A2CDC520033D2D3 /* PointTest */ = {
			isa = PBXGroup;
			children = (
				DD477B891A2CDC520033D2D3 /* AppDelegate.swift */,
				DD477B8B1A2CDC520033D2D3 /* ViewController.swift */,
				DD477B8D1A2CDC520033D2D3 /* Main.storyboard */,
				DD477B901A2CDC520033D2D3 /* Images.xcassets */,
				DD477B921A2CDC520033D2D3 /* LaunchScreen.xib */,
				DD477B871A2CDC520033D2D3 /* Supporting Files */,
			);
			path = PointTest;
			sourceTree = "<group>";
		};
		DD477B871A2CDC520033D2D3 /* Supporting Files */ = {
			isa = PBXGroup;
			children = (
				DD477B881A2CDC520033D2D3 /* Info.plist */,
			);
			name = "Supporting Files";
			sourceTree = "<group>";
		};
		DD477B9C1A2CDC520033D2D3 /* PointTestTests */ = {
			isa = PBXGroup;
			children = (
				DD477B9F1A2CDC520033D2D3 /* PointTestTests.swift */,
				DD477B9D1A2CDC520033D2D3 /* Supporting Files */,
			);
			path = PointTestTests;
			sourceTree = "<group>";
		};
		DD477B9D1A2CDC520033D2D3 /* Supporting Files */ = {
			isa = PBXGroup;
			children = (
				DD477B9E1A2CDC520033D2D3 /* Info.plist */,
			);
			name = "Supporting Files";
			sourceTree = "<group>";
		};
/* End PBXGroup section */

/* Begin PBXNativeTarget section */
		DD477B831A2CDC520033D2D3 /* PointTest */ = {
			isa = PBXNativeTarget;
			buildConfigurationList = DD477BA31A2CDC520033D2D3 /* Build configuration list for PBXNativeTarget "PointTest" */;
			buildPhases = (
				DD477B801A2CDC520033D2D3 /* Sources */,
				DD477B811A2CDC520033D2D3 /* Frameworks */,
				DD477B821A2CDC520033D2D3 /* Resources */,
			);
			buildRules = (
			);
			dependencies = (
			);
			name = PointTest;
			productName = PointTest;
			productReference = DD477B841A2CDC520033D2D3 /* PointTest.app */;
			productType = "com.apple.product-type.application";
		};
		DD477B981A2CDC520033D2D3 /* PointTestTests */ = {
			isa = PBXNativeTarget;
			buildConfigurationList = DD477BA61A2CDC520033D2D3 /* Build configuration list for PBXNativeTarget "PointTestTests" */;
			buildPhases = (
				DD477B951A2CDC520033D2D3 /* Sources */,
				DD477B961A2CDC520033D2D3 /* Frameworks */,
				DD477B971A2CDC520033D2D3 /* Resources */,
			);
			buildRules = (
			);
			dependencies = (
				DD477B9B1A2CDC520033D2D3 /* PBXTargetDependency */,
			);
			name = PointTestTests;
			productName = PointTestTests;
			productReference = DD477B991A2CDC520033D2D3 /* PointTestTests.xctest */;
			productType = "com.apple.product-type.bundle.unit-test";
		};
/* End PBXNativeTarget section */

/* Begin PBXProject section */
		DD477B7C1A2CDC520033D2D3 /* Project object */ = {
			isa = PBXProject;
			attributes = {
				LastUpgradeCheck = 0610;
				ORGANIZATIONNAME = Mapbox;
				TargetAttributes = {
					DD477B831A2CDC520033D2D3 = {
						CreatedOnToolsVersion = 6.1.1;
					};
					DD477B981A2CDC520033D2D3 = {
						CreatedOnToolsVersion = 6.1.1;
						TestTargetID = DD477B831A2CDC520033D2D3;
					};
				};
			};
			buildConfigurationList = DD477B7F1A2CDC520033D2D3 /* Build configuration list for PBXProject "PointTest" */;
			compatibilityVersion = "Xcode 3.2";
			developmentRegion = English;
			hasScannedForEncodings = 0;
			knownRegions = (
				en,
				Base,
			);
			mainGroup = DD477B7B1A2CDC520033D2D3;
			productRefGroup = DD477B851A2CDC520033D2D3 /* Products */;
			projectDirPath = "";
			projectRoot = "";
			targets = (
				DD477B831A2CDC520033D2D3 /* PointTest */,
				DD477B981A2CDC520033D2D3 /* PointTestTests */,
			);
		};
/* End PBXProject section */

/* Begin PBXResourcesBuildPhase section */
		DD477B821A2CDC520033D2D3 /* Resources */ = {
			isa = PBXResourcesBuildPhase;
			buildActionMask = 2147483647;
			files = (
				DD477B8F1A2CDC520033D2D3 /* Main.storyboard in Resources */,
				DD477B941A2CDC520033D2D3 /* LaunchScreen.xib in Resources */,
				DD477B911A2CDC520033D2D3 /* Images.xcassets in Resources */,
			);
			runOnlyForDeploymentPostprocessing = 0;
		};
		DD477B971A2CDC520033D2D3 /* Resources */ = {
			isa = PBXResourcesBuildPhase;
			buildActionMask = 2147483647;
			files = (
			);
			runOnlyForDeploymentPostprocessing = 0;
		};
/* End PBXResourcesBuildPhase section */

/* Begin PBXSourcesBuildPhase section */
		DD477B801A2CDC520033D2D3 /* Sources */ = {
			isa = PBXSourcesBuildPhase;
			buildActionMask = 2147483647;
			files = (
				DD477B8C1A2CDC520033D2D3 /* ViewController.swift in Sources */,
				DD477B8A1A2CDC520033D2D3 /* AppDelegate.swift in Sources */,
			);
			runOnlyForDeploymentPostprocessing = 0;
		};
		DD477B951A2CDC520033D2D3 /* Sources */ = {
			isa = PBXSourcesBuildPhase;
			buildActionMask = 2147483647;
			files = (
				DD477BA01A2CDC520033D2D3 /* PointTestTests.swift in Sources */,
			);
			runOnlyForDeploymentPostprocessing = 0;
		};
/* End PBXSourcesBuildPhase section */

/* Begin PBXTargetDependency section */
		DD477B9B1A2CDC520033D2D3 /* PBXTargetDependency */ = {
			isa = PBXTargetDependency;
			target = DD477B831A2CDC520033D2D3 /* PointTest */;
			targetProxy = DD477B9A1A2CDC520033D2D3 /* PBXContainerItemProxy */;
		};
/* End PBXTargetDependency section */

/* Begin PBXVariantGroup section */
		DD477B8D1A2CDC520033D2D3 /* Main.storyboard */ = {
			isa = PBXVariantGroup;
			children = (
				DD477B8E1A2CDC520033D2D3 /* Base */,
			);
			name = Main.storyboard;
			sourceTree = "<group>";
		};
		DD477B921A2CDC520033D2D3 /* LaunchScreen.xib */ = {
			isa = PBXVariantGroup;
			children = (
				DD477B931A2CDC520033D2D3 /* Base */,
			);
			name = LaunchScreen.xib;
			sourceTree = "<group>";
		};
/* End PBXVariantGroup section */

/* Begin XCBuildConfiguration section */
		DD477BA11A2CDC520033D2D3 /* Debug */ = {
			isa = XCBuildConfiguration;
			buildSettings = {
				ALWAYS_SEARCH_USER_PATHS = NO;
				CLANG_CXX_LANGUAGE_STANDARD = "gnu++0x";
				CLANG_CXX_LIBRARY = "libc++";
				CLANG_ENABLE_MODULES = YES;
				CLANG_ENABLE_OBJC_ARC = YES;
				CLANG_WARN_BOOL_CONVERSION = YES;
				CLANG_WARN_CONSTANT_CONVERSION = YES;
				CLANG_WARN_DIRECT_OBJC_ISA_USAGE = YES_ERROR;
				CLANG_WARN_EMPTY_BODY = YES;
				CLANG_WARN_ENUM_CONVERSION = YES;
				CLANG_WARN_INT_CONVERSION = YES;
				CLANG_WARN_OBJC_ROOT_CLASS = YES_ERROR;
				CLANG_WARN_UNREACHABLE_CODE = YES;
				CLANG_WARN__DUPLICATE_METHOD_MATCH = YES;
				"CODE_SIGN_IDENTITY[sdk=iphoneos*]" = "iPhone Developer";
				COPY_PHASE_STRIP = NO;
				ENABLE_STRICT_OBJC_MSGSEND = YES;
				GCC_C_LANGUAGE_STANDARD = gnu99;
				GCC_DYNAMIC_NO_PIC = NO;
				GCC_OPTIMIZATION_LEVEL = 0;
				GCC_PREPROCESSOR_DEFINITIONS = (
					"DEBUG=1",
					"$(inherited)",
				);
				GCC_SYMBOLS_PRIVATE_EXTERN = NO;
				GCC_WARN_64_TO_32_BIT_CONVERSION = YES;
				GCC_WARN_ABOUT_RETURN_TYPE = YES_ERROR;
				GCC_WARN_UNDECLARED_SELECTOR = YES;
				GCC_WARN_UNINITIALIZED_AUTOS = YES_AGGRESSIVE;
				GCC_WARN_UNUSED_FUNCTION = YES;
				GCC_WARN_UNUSED_VARIABLE = YES;
				IPHONEOS_DEPLOYMENT_TARGET = 8.1;
				MTL_ENABLE_DEBUG_INFO = YES;
				ONLY_ACTIVE_ARCH = YES;
				SDKROOT = iphoneos;
				SWIFT_OPTIMIZATION_LEVEL = "-Onone";
				TARGETED_DEVICE_FAMILY = "1,2";
			};
			name = Debug;
		};
		DD477BA21A2CDC520033D2D3 /* Release */ = {
			isa = XCBuildConfiguration;
			buildSettings = {
				ALWAYS_SEARCH_USER_PATHS = NO;
				CLANG_CXX_LANGUAGE_STANDARD = "gnu++0x";
				CLANG_CXX_LIBRARY = "libc++";
				CLANG_ENABLE_MODULES = YES;
				CLANG_ENABLE_OBJC_ARC = YES;
				CLANG_WARN_BOOL_CONVERSION = YES;
				CLANG_WARN_CONSTANT_CONVERSION = YES;
				CLANG_WARN_DIRECT_OBJC_ISA_USAGE = YES_ERROR;
				CLANG_WARN_EMPTY_BODY = YES;
				CLANG_WARN_ENUM_CONVERSION = YES;
				CLANG_WARN_INT_CONVERSION = YES;
				CLANG_WARN_OBJC_ROOT_CLASS = YES_ERROR;
				CLANG_WARN_UNREACHABLE_CODE = YES;
				CLANG_WARN__DUPLICATE_METHOD_MATCH = YES;
				"CODE_SIGN_IDENTITY[sdk=iphoneos*]" = "iPhone Developer";
				COPY_PHASE_STRIP = YES;
				ENABLE_NS_ASSERTIONS = NO;
				ENABLE_STRICT_OBJC_MSGSEND = YES;
				GCC_C_LANGUAGE_STANDARD = gnu99;
				GCC_WARN_64_TO_32_BIT_CONVERSION = YES;
				GCC_WARN_ABOUT_RETURN_TYPE = YES_ERROR;
				GCC_WARN_UNDECLARED_SELECTOR = YES;
				GCC_WARN_UNINITIALIZED_AUTOS = YES_AGGRESSIVE;
				GCC_WARN_UNUSED_FUNCTION = YES;
				GCC_WARN_UNUSED_VARIABLE = YES;
				IPHONEOS_DEPLOYMENT_TARGET = 8.1;
				MTL_ENABLE_DEBUG_INFO = NO;
				SDKROOT = iphoneos;
				TARGETED_DEVICE_FAMILY = "1,2";
				VALIDATE_PRODUCT = YES;
			};
			name = Release;
		};
		DD477BA41A2CDC520033D2D3 /* Debug */ = {
			isa = XCBuildConfiguration;
			buildSettings = {
				ASSETCATALOG_COMPILER_APPICON_NAME = AppIcon;
				INFOPLIST_FILE = PointTest/Info.plist;
				LD_RUNPATH_SEARCH_PATHS = "$(inherited) @executable_path/Frameworks";
				PRODUCT_NAME = "$(TARGET_NAME)";
			};
			name = Debug;
		};
		DD477BA51A2CDC520033D2D3 /* Release */ = {
			isa = XCBuildConfiguration;
			buildSettings = {
				ASSETCATALOG_COMPILER_APPICON_NAME = AppIcon;
				INFOPLIST_FILE = PointTest/Info.plist;
				LD_RUNPATH_SEARCH_PATHS = "$(inherited) @executable_path/Frameworks";
				PRODUCT_NAME = "$(TARGET_NAME)";
			};
			name = Release;
		};
		DD477BA71A2CDC520033D2D3 /* Debug */ = {
			isa = XCBuildConfiguration;
			buildSettings = {
				BUNDLE_LOADER = "$(TEST_HOST)";
				FRAMEWORK_SEARCH_PATHS = (
					"$(SDKROOT)/Developer/Library/Frameworks",
					"$(inherited)",
				);
				GCC_PREPROCESSOR_DEFINITIONS = (
					"DEBUG=1",
					"$(inherited)",
				);
				INFOPLIST_FILE = PointTestTests/Info.plist;
				LD_RUNPATH_SEARCH_PATHS = "$(inherited) @executable_path/Frameworks @loader_path/Frameworks";
				PRODUCT_NAME = "$(TARGET_NAME)";
				TEST_HOST = "$(BUILT_PRODUCTS_DIR)/PointTest.app/PointTest";
			};
			name = Debug;
		};
		DD477BA81A2CDC520033D2D3 /* Release */ = {
			isa = XCBuildConfiguration;
			buildSettings = {
				BUNDLE_LOADER = "$(TEST_HOST)";
				FRAMEWORK_SEARCH_PATHS = (
					"$(SDKROOT)/Developer/Library/Frameworks",
					"$(inherited)",
				);
				INFOPLIST_FILE = PointTestTests/Info.plist;
				LD_RUNPATH_SEARCH_PATHS = "$(inherited) @executable_path/Frameworks @loader_path/Frameworks";
				PRODUCT_NAME = "$(TARGET_NAME)";
				TEST_HOST = "$(BUILT_PRODUCTS_DIR)/PointTest.app/PointTest";
			};
			name = Release;
		};
/* End XCBuildConfiguration section */

/* Begin XCConfigurationList section */
		DD477B7F1A2CDC520033D2D3 /* Build configuration list for PBXProject "PointTest" */ = {
			isa = XCConfigurationList;
			buildConfigurations = (
				DD477BA11A2CDC520033D2D3 /* Debug */,
				DD477BA21A2CDC520033D2D3 /* Release */,
			);
			defaultConfigurationIsVisible = 0;
			defaultConfigurationName = Release;
		};
		DD477BA31A2CDC520033D2D3 /* Build configuration list for PBXNativeTarget "PointTest" */ = {
			isa = XCConfigurationList;
			buildConfigurations = (
				DD477BA41A2CDC520033D2D3 /* Debug */,
				DD477BA51A2CDC520033D2D3 /* Release */,
			);
			defaultConfigurationIsVisible = 0;
		};
		DD477BA61A2CDC520033D2D3 /* Build configuration list for PBXNativeTarget "PointTestTests" */ = {
			isa = XCConfigurationList;
			buildConfigurations = (
				DD477BA71A2CDC520033D2D3 /* Debug */,
				DD477BA81A2CDC520033D2D3 /* Release */,
			);
			defaultConfigurationIsVisible = 0;
		};
/* End XCConfigurationList section */
	};
	rootObject = DD477B7C1A2CDC520033D2D3 /* Project object */;
}
